
Microsoft Visual Studio Solution File, Format Version 12.00
# Visual Studio 14
VisualStudioVersion = 14.0.25420.1
MinimumVisualStudioVersion = 10.0.40219.1
Project("{FAE04EC0-301F-11D3-BF4B-00C04F79EFBC}") = "SpecflowDemo.Calculator", "SpecflowDemo.Calculator\SpecflowDemo.Calculator.csproj", "{579C3576-D629-4400-A923-013E8EBA375E}"
EndProject
Project("{FAE04EC0-301F-11D3-BF4B-00C04F79EFBC}") = "SpecflowDemo.Calculator.Specs.Tests", "SpecflowDemo.Calculator.Specs.Tests\SpecflowDemo.Calculator.Specs.Tests.csproj", "{524FE79B-5C42-43B2-BF1B-CC6AE5AE08FC}"
EndProject
Global
	GlobalSection(SolutionConfigurationPlatforms) = preSolution
		Debug|Any CPU = Debug|Any CPU
		Release|Any CPU = Release|Any CPU
	EndGlobalSection
	GlobalSection(ProjectConfigurationPlatforms) = postSolution
		{579C3576-D629-4400-A923-013E8EBA375E}.Debug|Any CPU.ActiveCfg = Debug|Any CPU
		{579C3576-D629-4400-A923-013E8EBA375E}.Debug|Any CPU.Build.0 = Debug|Any CPU
		{579C3576-D629-4400-A923-013E8EBA375E}.Release|Any CPU.ActiveCfg = Release|Any CPU
		{579C3576-D629-4400-A923-013E8EBA375E}.Release|Any CPU.Build.0 = Release|Any CPU
		{524FE79B-5C42-43B2-BF1B-CC6AE5AE08FC}.Debug|Any CPU.ActiveCfg = Debug|Any CPU
		{524FE79B-5C42-43B2-BF1B-CC6AE5AE08FC}.Debug|Any CPU.Build.0 = Debug|Any CPU
		{524FE79B-5C42-43B2-BF1B-CC6AE5AE08FC}.Release|Any CPU.ActiveCfg = Release|Any CPU
		{524FE79B-5C42-43B2-BF1B-CC6AE5AE08FC}.Release|Any CPU.Build.0 = Release|Any CPU
	EndGlobalSection
	GlobalSection(SolutionProperties) = preSolution
		HideSolutionNode = FALSE
	EndGlobalSection
EndGlobal
